
Microsoft Visual Studio Solution File, Format Version 12.00
# Visual Studio Version 16
VisualStudioVersion = 16.0.29403.142
MinimumVisualStudioVersion = 10.0.40219.1
Project("{8BC9CEB8-8B4A-11D0-8D11-00A0C91BC942}") = "VectorApplication01", "VectorApplication01\VectorApplication01.vcxproj", "{7A1622E6-C3F7-4152-9AF9-52D47D57926B}"
EndProject
Project("{8BC9CEB8-8B4A-11D0-8D11-00A0C91BC942}") = "VectorApplication02", "VectorApplication02\VectorApplication02.vcxproj", "{F7AB9CAB-97E8-4707-88A1-384087088D9D}"
EndProject
Project("{8BC9CEB8-8B4A-11D0-8D11-00A0C91BC942}") = "VectorApplication03", "VectorApplication03\VectorApplication03.vcxproj", "{3613CCA1-8A32-4EB3-BE5D-E5FDC6E8E99A}"
EndProject
Project("{8BC9CEB8-8B4A-11D0-8D11-00A0C91BC942}") = "VectorApplication04", "VectorApplication04\VectorApplication04.vcxproj", "{F966E7A3-BA80-48EF-8800-88812E023025}"
EndProject
Project("{8BC9CEB8-8B4A-11D0-8D11-00A0C91BC942}") = "VectorApplication05", "VectorApplication05\VectorApplication05.vcxproj", "{C0A95B06-FB23-452B-B6F0-66ABB31B137F}"
EndProject
Project("{8BC9CEB8-8B4A-11D0-8D11-00A0C91BC942}") = "VectorApplication06", "VectorApplication06\VectorApplication06.vcxproj", "{01A7AD18-EDBD-4D0D-A9B0-B61DE5F5BA44}"
EndProject
Project("{8BC9CEB8-8B4A-11D0-8D11-00A0C91BC942}") = "VectorApplication07", "VectorApplication07\VectorApplication07.vcxproj", "{BC0F6414-F111-4391-BBF0-B786E8BCF8A1}"
EndProject
Project("{8BC9CEB8-8B4A-11D0-8D11-00A0C91BC942}") = "VectorApplication08", "VectorApplication08\VectorApplication08.vcxproj", "{832493AD-B48A-4EBC-8DC5-C71F3A016671}"
EndProject
Project("{8BC9CEB8-8B4A-11D0-8D11-00A0C91BC942}") = "VectorApplication09", "VectorApplication09\VectorApplication09.vcxproj", "{0BD76A07-436A-42A8-B70D-61549EC26A13}"
EndProject
Project("{8BC9CEB8-8B4A-11D0-8D11-00A0C91BC942}") = "VectorApplication10", "VectorApplication10\VectorApplication10.vcxproj", "{C59C6DE8-ECE5-4799-9EEE-F189F0C31954}"
EndProject
Project("{8BC9CEB8-8B4A-11D0-8D11-00A0C91BC942}") = "VectorApplication11", "VectorApplication11\VectorApplication11.vcxproj", "{ED5E9ADC-EB10-4864-B2A3-86BEC03BA3D0}"
EndProject
Project("{8BC9CEB8-8B4A-11D0-8D11-00A0C91BC942}") = "VectorApplication12", "VectorApplication12\VectorApplication12.vcxproj", "{06CB8D16-A4E8-4F2C-AFAF-47C072A690C2}"
EndProject
Project("{8BC9CEB8-8B4A-11D0-8D11-00A0C91BC942}") = "VectorApplication13", "VectorApplication13\VectorApplication13.vcxproj", "{B2F17A5D-0641-4B14-B429-D90CB7686D53}"
EndProject
Global
	GlobalSection(SolutionConfigurationPlatforms) = preSolution
		Debug|x64 = Debug|x64
		Debug|x86 = Debug|x86
		Release|x64 = Release|x64
		Release|x86 = Release|x86
	EndGlobalSection
	GlobalSection(ProjectConfigurationPlatforms) = postSolution
		{7A1622E6-C3F7-4152-9AF9-52D47D57926B}.Debug|x64.ActiveCfg = Debug|x64
		{7A1622E6-C3F7-4152-9AF9-52D47D57926B}.Debug|x64.Build.0 = Debug|x64
		{7A1622E6-C3F7-4152-9AF9-52D47D57926B}.Debug|x86.ActiveCfg = Debug|Win32
		{7A1622E6-C3F7-4152-9AF9-52D47D57926B}.Debug|x86.Build.0 = Debug|Win32
		{7A1622E6-C3F7-4152-9AF9-52D47D57926B}.Release|x64.ActiveCfg = Release|x64
		{7A1622E6-C3F7-4152-9AF9-52D47D57926B}.Release|x64.Build.0 = Release|x64
		{7A1622E6-C3F7-4152-9AF9-52D47D57926B}.Release|x86.ActiveCfg = Release|Win32
		{7A1622E6-C3F7-4152-9AF9-52D47D57926B}.Release|x86.Build.0 = Release|Win32
		{F7AB9CAB-97E8-4707-88A1-384087088D9D}.Debug|x64.ActiveCfg = Debug|x64
		{F7AB9CAB-97E8-4707-88A1-384087088D9D}.Debug|x64.Build.0 = Debug|x64
		{F7AB9CAB-97E8-4707-88A1-384087088D9D}.Debug|x86.ActiveCfg = Debug|Win32
		{F7AB9CAB-97E8-4707-88A1-384087088D9D}.Debug|x86.Build.0 = Debug|Win32
		{F7AB9CAB-97E8-4707-88A1-384087088D9D}.Release|x64.ActiveCfg = Release|x64
		{F7AB9CAB-97E8-4707-88A1-384087088D9D}.Release|x64.Build.0 = Release|x64
		{F7AB9CAB-97E8-4707-88A1-384087088D9D}.Release|x86.ActiveCfg = Release|Win32
		{F7AB9CAB-97E8-4707-88A1-384087088D9D}.Release|x86.Build.0 = Release|Win32
		{3613CCA1-8A32-4EB3-BE5D-E5FDC6E8E99A}.Debug|x64.ActiveCfg = Debug|x64
		{3613CCA1-8A32-4EB3-BE5D-E5FDC6E8E99A}.Debug|x64.Build.0 = Debug|x64
		{3613CCA1-8A32-4EB3-BE5D-E5FDC6E8E99A}.Debug|x86.ActiveCfg = Debug|Win32
		{3613CCA1-8A32-4EB3-BE5D-E5FDC6E8E99A}.Debug|x86.Build.0 = Debug|Win32
		{3613CCA1-8A32-4EB3-BE5D-E5FDC6E8E99A}.Release|x64.ActiveCfg = Release|x64
		{3613CCA1-8A32-4EB3-BE5D-E5FDC6E8E99A}.Release|x64.Build.0 = Release|x64
		{3613CCA1-8A32-4EB3-BE5D-E5FDC6E8E99A}.Release|x86.ActiveCfg = Release|Win32
		{3613CCA1-8A32-4EB3-BE5D-E5FDC6E8E99A}.Release|x86.Build.0 = Release|Win32
		{F966E7A3-BA80-48EF-8800-88812E023025}.Debug|x64.ActiveCfg = Debug|x64
		{F966E7A3-BA80-48EF-8800-88812E023025}.Debug|x64.Build.0 = Debug|x64
		{F966E7A3-BA80-48EF-8800-88812E023025}.Debug|x86.ActiveCfg = Debug|Win32
		{F966E7A3-BA80-48EF-8800-88812E023025}.Debug|x86.Build.0 = Debug|Win32
		{F966E7A3-BA80-48EF-8800-88812E023025}.Release|x64.ActiveCfg = Release|x64
		{F966E7A3-BA80-48EF-8800-88812E023025}.Release|x64.Build.0 = Release|x64
		{F966E7A3-BA80-48EF-8800-88812E023025}.Release|x86.ActiveCfg = Release|Win32
		{F966E7A3-BA80-48EF-8800-88812E023025}.Release|x86.Build.0 = Release|Win32
		{C0A95B06-FB23-452B-B6F0-66ABB31B137F}.Debug|x64.ActiveCfg = Debug|x64
		{C0A95B06-FB23-452B-B6F0-66ABB31B137F}.Debug|x64.Build.0 = Debug|x64
		{C0A95B06-FB23-452B-B6F0-66ABB31B137F}.Debug|x86.ActiveCfg = Debug|Win32
		{C0A95B06-FB23-452B-B6F0-66ABB31B137F}.Debug|x86.Build.0 = Debug|Win32
		{C0A95B06-FB23-452B-B6F0-66ABB31B137F}.Release|x64.ActiveCfg = Release|x64
		{C0A95B06-FB23-452B-B6F0-66ABB31B137F}.Release|x64.Build.0 = Release|x64
		{C0A95B06-FB23-452B-B6F0-66ABB31B137F}.Release|x86.ActiveCfg = Release|Win32
		{C0A95B06-FB23-452B-B6F0-66ABB31B137F}.Release|x86.Build.0 = Release|Win32
		{01A7AD18-EDBD-4D0D-A9B0-B61DE5F5BA44}.Debug|x64.ActiveCfg = Debug|x64
		{01A7AD18-EDBD-4D0D-A9B0-B61DE5F5BA44}.Debug|x64.Build.0 = Debug|x64
		{01A7AD18-EDBD-4D0D-A9B0-B61DE5F5BA44}.Debug|x86.ActiveCfg = Debug|Win32
		{01A7AD18-EDBD-4D0D-A9B0-B61DE5F5BA44}.Debug|x86.Build.0 = Debug|Win32
		{01A7AD18-EDBD-4D0D-A9B0-B61DE5F5BA44}.Release|x64.ActiveCfg = Release|x64
		{01A7AD18-EDBD-4D0D-A9B0-B61DE5F5BA44}.Release|x64.Build.0 = Release|x64
		{01A7AD18-EDBD-4D0D-A9B0-B61DE5F5BA44}.Release|x86.ActiveCfg = Release|Win32
		{01A7AD18-EDBD-4D0D-A9B0-B61DE5F5BA44}.Release|x86.Build.0 = Release|Win32
		{BC0F6414-F111-4391-BBF0-B786E8BCF8A1}.Debug|x64.ActiveCfg = Debug|x64
		{BC0F6414-F111-4391-BBF0-B786E8BCF8A1}.Debug|x64.Build.0 = Debug|x64
		{BC0F6414-F111-4391-BBF0-B786E8BCF8A1}.Debug|x86.ActiveCfg = Debug|Win32
		{BC0F6414-F111-4391-BBF0-B786E8BCF8A1}.Debug|x86.Build.0 = Debug|Win32
		{BC0F6414-F111-4391-BBF0-B786E8BCF8A1}.Release|x64.ActiveCfg = Release|x64
		{BC0F6414-F111-4391-BBF0-B786E8BCF8A1}.Release|x64.Build.0 = Release|x64
		{BC0F6414-F111-4391-BBF0-B786E8BCF8A1}.Release|x86.ActiveCfg = Release|Win32
		{BC0F6414-F111-4391-BBF0-B786E8BCF8A1}.Release|x86.Build.0 = Release|Win32
		{832493AD-B48A-4EBC-8DC5-C71F3A016671}.Debug|x64.ActiveCfg = Debug|x64
		{832493AD-B48A-4EBC-8DC5-C71F3A016671}.Debug|x64.Build.0 = Debug|x64
		{832493AD-B48A-4EBC-8DC5-C71F3A016671}.Debug|x86.ActiveCfg = Debug|Win32
		{832493AD-B48A-4EBC-8DC5-C71F3A016671}.Debug|x86.Build.0 = Debug|Win32
		{832493AD-B48A-4EBC-8DC5-C71F3A016671}.Release|x64.ActiveCfg = Release|x64
		{832493AD-B48A-4EBC-8DC5-C71F3A016671}.Release|x64.Build.0 = Release|x64
		{832493AD-B48A-4EBC-8DC5-C71F3A016671}.Release|x86.ActiveCfg = Release|Win32
		{832493AD-B48A-4EBC-8DC5-C71F3A016671}.Release|x86.Build.0 = Release|Win32
		{0BD76A07-436A-42A8-B70D-61549EC26A13}.Debug|x64.ActiveCfg = Debug|x64
		{0BD76A07-436A-42A8-B70D-61549EC26A13}.Debug|x64.Build.0 = Debug|x64
		{0BD76A07-436A-42A8-B70D-61549EC26A13}.Debug|x86.ActiveCfg = Debug|Win32
		{0BD76A07-436A-42A8-B70D-61549EC26A13}.Debug|x86.Build.0 = Debug|Win32
		{0BD76A07-436A-42A8-B70D-61549EC26A13}.Release|x64.ActiveCfg = Release|x64
		{0BD76A07-436A-42A8-B70D-61549EC26A13}.Release|x64.Build.0 = Release|x64
		{0BD76A07-436A-42A8-B70D-61549EC26A13}.Release|x86.ActiveCfg = Release|Win32
		{0BD76A07-436A-42A8-B70D-61549EC26A13}.Release|x86.Build.0 = Release|Win32
		{C59C6DE8-ECE5-4799-9EEE-F189F0C31954}.Debug|x64.ActiveCfg = Debug|x64
		{C59C6DE8-ECE5-4799-9EEE-F189F0C31954}.Debug|x64.Build.0 = Debug|x64
		{C59C6DE8-ECE5-4799-9EEE-F189F0C31954}.Debug|x86.ActiveCfg = Debug|Win32
		{C59C6DE8-ECE5-4799-9EEE-F189F0C31954}.Debug|x86.Build.0 = Debug|Win32
		{C59C6DE8-ECE5-4799-9EEE-F189F0C31954}.Release|x64.ActiveCfg = Release|x64
		{C59C6DE8-ECE5-4799-9EEE-F189F0C31954}.Release|x64.Build.0 = Release|x64
		{C59C6DE8-ECE5-4799-9EEE-F189F0C31954}.Release|x86.ActiveCfg = Release|Win32
		{C59C6DE8-ECE5-4799-9EEE-F189F0C31954}.Release|x86.Build.0 = Release|Win32
		{ED5E9ADC-EB10-4864-B2A3-86BEC03BA3D0}.Debug|x64.ActiveCfg = Debug|x64
		{ED5E9ADC-EB10-4864-B2A3-86BEC03BA3D0}.Debug|x64.Build.0 = Debug|x64
		{ED5E9ADC-EB10-4864-B2A3-86BEC03BA3D0}.Debug|x86.ActiveCfg = Debug|Win32
		{ED5E9ADC-EB10-4864-B2A3-86BEC03BA3D0}.Debug|x86.Build.0 = Debug|Win32
		{ED5E9ADC-EB10-4864-B2A3-86BEC03BA3D0}.Release|x64.ActiveCfg = Release|x64
		{ED5E9ADC-EB10-4864-B2A3-86BEC03BA3D0}.Release|x64.Build.0 = Release|x64
		{ED5E9ADC-EB10-4864-B2A3-86BEC03BA3D0}.Release|x86.ActiveCfg = Release|Win32
		{ED5E9ADC-EB10-4864-B2A3-86BEC03BA3D0}.Release|x86.Build.0 = Release|Win32
		{06CB8D16-A4E8-4F2C-AFAF-47C072A690C2}.Debug|x64.ActiveCfg = Debug|x64
		{06CB8D16-A4E8-4F2C-AFAF-47C072A690C2}.Debug|x64.Build.0 = Debug|x64
		{06CB8D16-A4E8-4F2C-AFAF-47C072A690C2}.Debug|x86.ActiveCfg = Debug|Win32
		{06CB8D16-A4E8-4F2C-AFAF-47C072A690C2}.Debug|x86.Build.0 = Debug|Win32
		{06CB8D16-A4E8-4F2C-AFAF-47C072A690C2}.Release|x64.ActiveCfg = Release|x64
		{06CB8D16-A4E8-4F2C-AFAF-47C072A690C2}.Release|x64.Build.0 = Release|x64
		{06CB8D16-A4E8-4F2C-AFAF-47C072A690C2}.Release|x86.ActiveCfg = Release|Win32
		{06CB8D16-A4E8-4F2C-AFAF-47C072A690C2}.Release|x86.Build.0 = Release|Win32
		{B2F17A5D-0641-4B14-B429-D90CB7686D53}.Debug|x64.ActiveCfg = Debug|x64
		{B2F17A5D-0641-4B14-B429-D90CB7686D53}.Debug|x64.Build.0 = Debug|x64
		{B2F17A5D-0641-4B14-B429-D90CB7686D53}.Debug|x86.ActiveCfg = Debug|Win32
		{B2F17A5D-0641-4B14-B429-D90CB7686D53}.Debug|x86.Build.0 = Debug|Win32
		{B2F17A5D-0641-4B14-B429-D90CB7686D53}.Release|x64.ActiveCfg = Release|x64
		{B2F17A5D-0641-4B14-B429-D90CB7686D53}.Release|x64.Build.0 = Release|x64
		{B2F17A5D-0641-4B14-B429-D90CB7686D53}.Release|x86.ActiveCfg = Release|Win32
		{B2F17A5D-0641-4B14-B429-D90CB7686D53}.Release|x86.Build.0 = Release|Win32
	EndGlobalSection
	GlobalSection(SolutionProperties) = preSolution
		HideSolutionNode = FALSE
	EndGlobalSection
	GlobalSection(ExtensibilityGlobals) = postSolution
		SolutionGuid = {398F6E19-B323-4D6B-8483-E172A4AF017C}
	EndGlobalSection
EndGlobal
